// !$*UTF8*$!
{
	archiveVersion = 1;
	classes = {
	};
	objectVersion = 77;
	objects = {

/* Begin PBXBuildFile section */
		AB0014002DEDD25C001A0001 /* GutHealthFeature in Frameworks */ = {isa = PBXBuildFile; productRef = AB0016002DEDD25C001A0001 /* GutHealthFeature */; };
		AB0015002DEDD23B001A0001 /* GutHealthFeature in Frameworks */ = {isa = PBXBuildFile; productRef = AB0017002DEDD23B001A0001 /* GutHealthFeature */; };
/* End PBXBuildFile section */

/* Begin PBXContainerItemProxy section */
		AB000E002DEDD0D6001A0001 /* PBXContainerItemProxy */ = {
			isa = PBXContainerItemProxy;
			containerPortal = AB0001002DEDD0D5001A0001 /* Project object */;
			proxyType = 1;
			remoteGlobalIDString = AB0006002DEDD0D5001A0001;
			remoteInfo = GutHealth;
		};
/* End PBXContainerItemProxy section */

/* Begin PBXFileReference section */
		AB0004002DEDD0D5001A0001 /* GutHealth.app */ = {isa = PBXFileReference; explicitFileType = wrapper.application; includeInIndex = 0; path = GutHealth.app; sourceTree = BUILT_PRODUCTS_DIR; };
		AB0005002DEDD0D6001A0001 /* GutHealth.xctest */ = {isa = PBXFileReference; explicitFileType = wrapper.cfbundle; includeInIndex = 0; path = GutHealth.xctest; sourceTree = BUILT_PRODUCTS_DIR; };
/* End PBXFileReference section */

/* Begin PBXFileSystemSynchronizedBuildFileExceptionSet section */
		AB0013002DEE41E0001A0001 /* Exceptions for "Config" folder in "GutHealth" target */ = {
			isa = PBXFileSystemSynchronizedBuildFileExceptionSet;
			membershipExceptions = (
				Debug.xcconfig,
				Release.xcconfig,
				Shared.xcconfig,
				Tests.xcconfig,
			);
			target = AB0006002DEDD0D5001A0001 /* GutHealth */;
		};
/* End PBXFileSystemSynchronizedBuildFileExceptionSet section */

/* Begin PBXFileSystemSynchronizedRootGroup section */
		AB0010002DEDD0D5001A0001 /* GutHealth */ = {
			isa = PBXFileSystemSynchronizedRootGroup;
			exceptions = (
			);
			path = GutHealth;
			sourceTree = "<group>";
		};
		AB0011002DEDD0D6001A0001 /* GutHealthUITests */ = {
			isa = PBXFileSystemSynchronizedRootGroup;
			exceptions = (
			);
			path = GutHealthUITests;
			sourceTree = "<group>";
		};
		AB0012002DEE41D8001A0001 /* Config */ = {
			isa = PBXFileSystemSynchronizedRootGroup;
			exceptions = (
				AB0013002DEE41E0001A0001 /* Exceptions for "Config" folder in "GutHealth" target */,
			);
			path = Config;
			sourceTree = "<group>";
		};
/* End PBXFileSystemSynchronizedRootGroup section */

/* Begin PBXFrameworksBuildPhase section */
		AB0009002DEDD0D5001A0001 /* Frameworks */ = {
			isa = PBXFrameworksBuildPhase;
			buildActionMask = 2147483647;
			files = (
				AB0014002DEDD25C001A0001 /* GutHealthFeature in Frameworks */,
			);
			runOnlyForDeploymentPostprocessing = 0;
		};
		AB000C002DEDD0D6001A0001 /* Frameworks */ = {
			isa = PBXFrameworksBuildPhase;
			buildActionMask = 2147483647;
			files = (
				AB0015002DEDD23B001A0001 /* GutHealthFeature in Frameworks */,
			);
			runOnlyForDeploymentPostprocessing = 0;
		};
/* End PBXFrameworksBuildPhase section */

/* Begin PBXGroup section */
		AB0002002DEDD0D5001A0001 = {
			isa = PBXGroup;
			children = (
				AB0012002DEE41D8001A0001 /* Config */,
				AB0010002DEDD0D5001A0001 /* GutHealth */,
				AB0011002DEDD0D6001A0001 /* GutHealthUITests */,
				AB0003002DEDD0D5001A0001 /* Products */,
			);
			sourceTree = "<group>";
		};
		AB0003002DEDD0D5001A0001 /* Products */ = {
			isa = PBXGroup;
			children = (
				AB0004002DEDD0D5001A0001 /* GutHealth.app */,
				AB0005002DEDD0D6001A0001 /* GutHealth.xctest */,
			);
			name = Products;
			sourceTree = "<group>";
		};
/* End PBXGroup section */

/* Begin PBXNativeTarget section */
		AB0006002DEDD0D5001A0001 /* GutHealth */ = {
			isa = PBXNativeTarget;
			buildConfigurationList = AB0019002DEDD0D6001A0001 /* Build configuration list for PBXNativeTarget "GutHealth" */;
			buildPhases = (
				AB0008002DEDD0D5001A0001 /* Sources */,
				AB0009002DEDD0D5001A0001 /* Frameworks */,
				AB000A002DEDD0D5001A0001 /* Resources */,
			);
			buildRules = (
			);
			dependencies = (
			);
			fileSystemSynchronizedGroups = (
				AB0010002DEDD0D5001A0001 /* GutHealth */,
				AB0012002DEE41D8001A0001 /* Config */,
			);
			name = GutHealth;
			packageProductDependencies = (
				AB0016002DEDD25C001A0001 /* GutHealthFeature */,
			);
			productName = GutHealth;
			productReference = AB0004002DEDD0D5001A0001 /* GutHealth.app */;
			productType = "com.apple.product-type.application";
		};
		AB0007002DEDD0D6001A0001 /* GutHealthUITests */ = {
			isa = PBXNativeTarget;
			buildConfigurationList = AB001A002DEDD0D6001A0001 /* Build configuration list for PBXNativeTarget "GutHealthUITests" */;
			buildPhases = (
				AB000B002DEDD0D6001A0001 /* Sources */,
				AB000C002DEDD0D6001A0001 /* Frameworks */,
				AB000D002DEDD0D6001A0001 /* Resources */,
			);
			buildRules = (
			);
			dependencies = (
				AB000F002DEDD0D6001A0001 /* PBXTargetDependency */,
			);
			fileSystemSynchronizedGroups = (
				AB0011002DEDD0D6001A0001 /* GutHealthUITests */,
			);
			name = GutHealthUITests;
			packageProductDependencies = (
				AB0017002DEDD23B001A0001 /* GutHealthFeature */,
			);
			productName = GutHealthUITests;
			productReference = AB0005002DEDD0D6001A0001 /* GutHealth.xctest */;
			productType = "com.apple.product-type.bundle.ui-testing";
		};
/* End PBXNativeTarget section */

/* Begin PBXProject section */
		AB0001002DEDD0D5001A0001 /* Project object */ = {
			isa = PBXProject;
			attributes = {
				BuildIndependentTargetsInParallel = 1;
				LastSwiftUpdateCheck = 1630;
				LastUpgradeCheck = 1630;
				TargetAttributes = {
					AB0006002DEDD0D5001A0001 = {
						CreatedOnToolsVersion = 16.3;
					};
					AB0007002DEDD0D6001A0001 = {
						CreatedOnToolsVersion = 16.3;
						TestTargetID = AB0006002DEDD0D5001A0001;
					};
				};
			};
			buildConfigurationList = AB0018002DEDD0D5001A0001 /* Build configuration list for PBXProject "GutHealth" */;
			developmentRegion = en;
			hasScannedForEncodings = 0;
			knownRegions = (
				en,
				Base,
			);
			mainGroup = AB0002002DEDD0D5001A0001;
			minimizedProjectReferenceProxies = 1;
			preferredProjectObjectVersion = 77;
			productRefGroup = AB0003002DEDD0D5001A0001 /* Products */;
			projectDirPath = "";
			projectRoot = "";
			targets = (
				AB0006002DEDD0D5001A0001 /* GutHealth */,
				AB0007002DEDD0D6001A0001 /* GutHealthUITests */,
			);
		};
/* End PBXProject section */

/* Begin PBXResourcesBuildPhase section */
		AB000A002DEDD0D5001A0001 /* Resources */ = {
			isa = PBXResourcesBuildPhase;
			buildActionMask = 2147483647;
			files = (
			);
			runOnlyForDeploymentPostprocessing = 0;
		};
		AB000D002DEDD0D6001A0001 /* Resources */ = {
			isa = PBXResourcesBuildPhase;
			buildActionMask = 2147483647;
			files = (
			);
			runOnlyForDeploymentPostprocessing = 0;
		};
/* End PBXResourcesBuildPhase section */

/* Begin PBXSourcesBuildPhase section */
		AB0008002DEDD0D5001A0001 /* Sources */ = {
			isa = PBXSourcesBuildPhase;
			buildActionMask = 2147483647;
			files = (
			);
			runOnlyForDeploymentPostprocessing = 0;
		};
		AB000B002DEDD0D6001A0001 /* Sources */ = {
			isa = PBXSourcesBuildPhase;
			buildActionMask = 2147483647;
			files = (
			);
			runOnlyForDeploymentPostprocessing = 0;
		};
/* End PBXSourcesBuildPhase section */

/* Begin PBXTargetDependency section */
		AB000F002DEDD0D6001A0001 /* PBXTargetDependency */ = {
			isa = PBXTargetDependency;
			target = AB0006002DEDD0D5001A0001 /* GutHealth */;
			targetProxy = AB000E002DEDD0D6001A0001 /* PBXContainerItemProxy */;
		};
/* End PBXTargetDependency section */

/* Begin XCBuildConfiguration section */
		AB001B002DEDD0D6001A0001 /* Debug */ = {
			isa = XCBuildConfiguration;
			buildSettings = {
				ALWAYS_SEARCH_USER_PATHS = NO;
				ASSETCATALOG_COMPILER_GENERATE_SWIFT_ASSET_SYMBOL_EXTENSIONS = YES;
				CLANG_ANALYZER_NONNULL = YES;
				CLANG_ANALYZER_NUMBER_OBJECT_CONVERSION = YES_AGGRESSIVE;
				CLANG_CXX_LANGUAGE_STANDARD = "gnu++20";
				CLANG_ENABLE_MODULES = YES;
				CLANG_ENABLE_OBJC_ARC = YES;
				CLANG_ENABLE_OBJC_WEAK = YES;
				CLANG_WARN_BLOCK_CAPTURE_AUTORELEASING = YES;
				CLANG_WARN_BOOL_CONVERSION = YES;
				CLANG_WARN_COMMA = YES;
				CLANG_WARN_CONSTANT_CONVERSION = YES;
				CLANG_WARN_DEPRECATED_OBJC_IMPLEMENTATIONS = YES;
				CLANG_WARN_DIRECT_OBJC_ISA_USAGE = YES_ERROR;
				CLANG_WARN_DOCUMENTATION_COMMENTS = YES;
				CLANG_WARN_EMPTY_BODY = YES;
				CLANG_WARN_ENUM_CONVERSION = YES;
				CLANG_WARN_INFINITE_RECURSION = YES;
				CLANG_WARN_INT_CONVERSION = YES;
				CLANG_WARN_NON_LITERAL_NULL_CONVERSION = YES;
				CLANG_WARN_OBJC_IMPLICIT_RETAIN_SELF = YES;
				CLANG_WARN_OBJC_LITERAL_CONVERSION = YES;
				CLANG_WARN_OBJC_ROOT_CLASS = YES_ERROR;
				CLANG_WARN_QUOTED_INCLUDE_IN_FRAMEWORK_HEADER = YES;
				CLANG_WARN_RANGE_LOOP_ANALYSIS = YES;
				CLANG_WARN_STRICT_PROTOTYPES = YES;
				CLANG_WARN_SUSPICIOUS_MOVE = YES;
				CLANG_WARN_UNGUARDED_AVAILABILITY = YES_AGGRESSIVE;
				CLANG_WARN_UNREACHABLE_CODE = YES;
				CLANG_WARN__DUPLICATE_METHOD_MATCH = YES;
				COPY_PHASE_STRIP = NO;
				DEBUG_INFORMATION_FORMAT = dwarf;
				ENABLE_STRICT_OBJC_MSGSEND = YES;
				ENABLE_TESTABILITY = YES;
				ENABLE_USER_SCRIPT_SANDBOXING = YES;
				GCC_C_LANGUAGE_STANDARD = gnu17;
				GCC_DYNAMIC_NO_PIC = NO;
				GCC_NO_COMMON_BLOCKS = YES;
				GCC_OPTIMIZATION_LEVEL = 0;
				GCC_PREPROCESSOR_DEFINITIONS = (
					"DEBUG=1",
					"$(inherited)",
				);
				GCC_WARN_64_TO_32_BIT_CONVERSION = YES;
				GCC_WARN_ABOUT_RETURN_TYPE = YES_ERROR;
				GCC_WARN_UNDECLARED_SELECTOR = YES;
				GCC_WARN_UNINITIALIZED_AUTOS = YES_AGGRESSIVE;
				GCC_WARN_UNUSED_FUNCTION = YES;
				GCC_WARN_UNUSED_VARIABLE = YES;
				IPHONEOS_DEPLOYMENT_TARGET = 18.0;
				LOCALIZATION_PREFERS_STRING_CATALOGS = YES;
				MTL_ENABLE_DEBUG_INFO = INCLUDE_SOURCE;
				MTL_FAST_MATH = YES;
				ONLY_ACTIVE_ARCH = YES;
				SDKROOT = iphoneos;
				SWIFT_ACTIVE_COMPILATION_CONDITIONS = "DEBUG $(inherited)";
				SWIFT_OPTIMIZATION_LEVEL = "-Onone";
				SWIFT_VERSION = 6.0;
			};
			name = Debug;
		};
		AB001C002DEDD0D6001A0001 /* Release */ = {
			isa = XCBuildConfiguration;
			buildSettings = {
				ALWAYS_SEARCH_USER_PATHS = NO;
				ASSETCATALOG_COMPILER_GENERATE_SWIFT_ASSET_SYMBOL_EXTENSIONS = YES;
				CLANG_ANALYZER_NONNULL = YES;
				CLANG_ANALYZER_NUMBER_OBJECT_CONVERSION = YES_AGGRESSIVE;
				CLANG_CXX_LANGUAGE_STANDARD = "gnu++20";
				CLANG_ENABLE_MODULES = YES;
				CLANG_ENABLE_OBJC_ARC = YES;
				CLANG_ENABLE_OBJC_WEAK = YES;
				CLANG_WARN_BLOCK_CAPTURE_AUTORELEASING = YES;
				CLANG_WARN_BOOL_CONVERSION = YES;
				CLANG_WARN_COMMA = YES;
				CLANG_WARN_CONSTANT_CONVERSION = YES;
				CLANG_WARN_DEPRECATED_OBJC_IMPLEMENTATIONS = YES;
				CLANG_WARN_DIRECT_OBJC_ISA_USAGE = YES_ERROR;
				CLANG_WARN_DOCUMENTATION_COMMENTS = YES;
				CLANG_WARN_EMPTY_BODY = YES;
				CLANG_WARN_ENUM_CONVERSION = YES;
				CLANG_WARN_INFINITE_RECURSION = YES;
				CLANG_WARN_INT_CONVERSION = YES;
				CLANG_WARN_NON_LITERAL_NULL_CONVERSION = YES;
				CLANG_WARN_OBJC_IMPLICIT_RETAIN_SELF = YES;
				CLANG_WARN_OBJC_LITERAL_CONVERSION = YES;
				CLANG_WARN_OBJC_ROOT_CLASS = YES_ERROR;
				CLANG_WARN_QUOTED_INCLUDE_IN_FRAMEWORK_HEADER = YES;
				CLANG_WARN_RANGE_LOOP_ANALYSIS = YES;
				CLANG_WARN_STRICT_PROTOTYPES = YES;
				CLANG_WARN_SUSPICIOUS_MOVE = YES;
				CLANG_WARN_UNGUARDED_AVAILABILITY = YES_AGGRESSIVE;
				CLANG_WARN_UNREACHABLE_CODE = YES;
				CLANG_WARN__DUPLICATE_METHOD_MATCH = YES;
				COPY_PHASE_STRIP = NO;
				DEBUG_INFORMATION_FORMAT = "dwarf-with-dsym";
				ENABLE_NS_ASSERTIONS = NO;
				ENABLE_STRICT_OBJC_MSGSEND = YES;
				ENABLE_USER_SCRIPT_SANDBOXING = YES;
				GCC_C_LANGUAGE_STANDARD = gnu17;
				GCC_NO_COMMON_BLOCKS = YES;
				GCC_WARN_64_TO_32_BIT_CONVERSION = YES;
				GCC_WARN_ABOUT_RETURN_TYPE = YES_ERROR;
				GCC_WARN_UNDECLARED_SELECTOR = YES;
				GCC_WARN_UNINITIALIZED_AUTOS = YES_AGGRESSIVE;
				GCC_WARN_UNUSED_FUNCTION = YES;
				GCC_WARN_UNUSED_VARIABLE = YES;
				IPHONEOS_DEPLOYMENT_TARGET = 18.0;
				LOCALIZATION_PREFERS_STRING_CATALOGS = YES;
				MTL_ENABLE_DEBUG_INFO = NO;
				MTL_FAST_MATH = YES;
				SDKROOT = iphoneos;
				SWIFT_COMPILATION_MODE = wholemodule;
				SWIFT_VERSION = 6.0;
				VALIDATE_PRODUCT = YES;
			};
			name = Release;
		};
		AB001D002DEDD0D6001A0001 /* Debug */ = {
			isa = XCBuildConfiguration;
			baseConfigurationReferenceAnchor = AB0012002DEE41D8001A0001 /* Config */;
			baseConfigurationReferenceRelativePath = Debug.xcconfig;
			buildSettings = {
				ASSETCATALOG_COMPILER_APPICON_NAME = AppIcon;
				ASSETCATALOG_COMPILER_GLOBAL_ACCENT_COLOR_NAME = AccentColor;
				CODE_SIGN_STYLE = Automatic;
				DEVELOPMENT_TEAM = 9799CRLPN9;
				ENABLE_PREVIEWS = YES;
				INFOPLIST_KEY_UIApplicationSceneManifest_Generation = YES;
				INFOPLIST_KEY_UIApplicationSupportsIndirectInputEvents = YES;
				LD_RUNPATH_SEARCH_PATHS = (
					"$(inherited)",
					"@executable_path/Frameworks",
				);
				PRODUCT_NAME = "$(TARGET_NAME)";
				SWIFT_EMIT_LOC_STRINGS = YES;
				SWIFT_VERSION = 6.0;
			};
			name = Debug;
		};
		AB001E002DEDD0D6001A0001 /* Release */ = {
			isa = XCBuildConfiguration;
			baseConfigurationReferenceAnchor = AB0012002DEE41D8001A0001 /* Config */;
			baseConfigurationReferenceRelativePath = Release.xcconfig;
			buildSettings = {
				ASSETCATALOG_COMPILER_APPICON_NAME = AppIcon;
				ASSETCATALOG_COMPILER_GLOBAL_ACCENT_COLOR_NAME = AccentColor;
				CODE_SIGN_STYLE = Automatic;
				DEVELOPMENT_TEAM = 9799CRLPN9;
				ENABLE_PREVIEWS = YES;
				INFOPLIST_KEY_UIApplicationSceneManifest_Generation = YES;
				INFOPLIST_KEY_UIApplicationSupportsIndirectInputEvents = YES;
				LD_RUNPATH_SEARCH_PATHS = (
					"$(inherited)",
					"@executable_path/Frameworks",
				);
				PRODUCT_NAME = "$(TARGET_NAME)";
				SWIFT_EMIT_LOC_STRINGS = YES;
				SWIFT_VERSION = 6.0;
			};
			name = Release;
		};
		AB001F002DEDD0D6001A0001 /* Debug */ = {
			isa = XCBuildConfiguration;
			baseConfigurationReferenceAnchor = AB0012002DEE41D8001A0001 /* Config */;
			baseConfigurationReferenceRelativePath = Tests.xcconfig;
			buildSettings = {
				CODE_SIGN_STYLE = Automatic;
				DEVELOPMENT_TEAM = 9799CRLPN9;
				SWIFT_EMIT_LOC_STRINGS = NO;
				SWIFT_VERSION = 6.0;
				TARGETED_DEVICE_FAMILY = "1,2";
				TEST_TARGET_NAME = GutHealth;
			};
			name = Debug;
		};
		AB0020002DEDD0D6001A0001 /* Release */ = {
			isa = XCBuildConfiguration;
			baseConfigurationReferenceAnchor = AB0012002DEE41D8001A0001 /* Config */;
			baseConfigurationReferenceRelativePath = Tests.xcconfig;
			buildSettings = {
				CODE_SIGN_STYLE = Automatic;
				DEVELOPMENT_TEAM = 9799CRLPN9;
				SWIFT_EMIT_LOC_STRINGS = NO;
				SWIFT_VERSION = 6.0;
				TARGETED_DEVICE_FAMILY = "1,2";
				TEST_TARGET_NAME = GutHealth;
			};
			name = Release;
		};
/* End XCBuildConfiguration section */

/* Begin XCConfigurationList section */
		AB0018002DEDD0D5001A0001 /* Build configuration list for PBXProject "GutHealth" */ = {
			isa = XCConfigurationList;
			buildConfigurations = (
				AB001B002DEDD0D6001A0001 /* Debug */,
				AB001C002DEDD0D6001A0001 /* Release */,
			);
			defaultConfigurationIsVisible = 0;
			defaultConfigurationName = Release;
		};
		AB0019002DEDD0D6001A0001 /* Build configuration list for PBXNativeTarget "GutHealth" */ = {
			isa = XCConfigurationList;
			buildConfigurations = (
				AB001D002DEDD0D6001A0001 /* Debug */,
				AB001E002DEDD0D6001A0001 /* Release */,
			);
			defaultConfigurationIsVisible = 0;
			defaultConfigurationName = Release;
		};
		AB001A002DEDD0D6001A0001 /* Build configuration list for PBXNativeTarget "GutHealthUITests" */ = {
			isa = XCConfigurationList;
			buildConfigurations = (
				AB001F002DEDD0D6001A0001 /* Debug */,
				AB0020002DEDD0D6001A0001 /* Release */,
			);
			defaultConfigurationIsVisible = 0;
			defaultConfigurationName = Release;
		};
/* End XCConfigurationList section */

/* Begin XCSwiftPackageProductDependency section */
		AB0016002DEDD25C001A0001 /* GutHealthFeature */ = {
			isa = XCSwiftPackageProductDependency;
			productName = GutHealthFeature;
		};
		AB0017002DEDD23B001A0001 /* GutHealthFeature */ = {
			isa = XCSwiftPackageProductDependency;
			productName = GutHealthFeature;
		};
/* End XCSwiftPackageProductDependency section */
	};
	rootObject = AB0001002DEDD0D5001A0001 /* Project object */;
}
